# This file is generated by running "yarn install" inside your project.
# Manual changes might be lost - proceed with caution!

__metadata:
  version: 8
  cacheKey: 10c0

"@babel/runtime@npm:^7.9.2":
  version: 7.28.4
  resolution: "@babel/runtime@npm:7.28.4"
  checksum: 10c0/792ce7af9750fb9b93879cc9d1db175701c4689da890e6ced242ea0207c9da411ccf16dc04e689cc01158b28d7898c40d75598f4559109f761c12ce01e959bf7
  languageName: node
  linkType: hard

"@esbuild/aix-ppc64@npm:0.25.10":
  version: 0.25.10
  resolution: "@esbuild/aix-ppc64@npm:0.25.10"
  conditions: os=aix & cpu=ppc64
  languageName: node
  linkType: hard

"@esbuild/android-arm64@npm:0.25.10":
  version: 0.25.10
  resolution: "@esbuild/android-arm64@npm:0.25.10"
  conditions: os=android & cpu=arm64
  languageName: node
  linkType: hard

"@esbuild/android-arm@npm:0.25.10":
  version: 0.25.10
  resolution: "@esbuild/android-arm@npm:0.25.10"
  conditions: os=android & cpu=arm
  languageName: node
  linkType: hard

"@esbuild/android-x64@npm:0.25.10":
  version: 0.25.10
  resolution: "@esbuild/android-x64@npm:0.25.10"
  conditions: os=android & cpu=x64
  languageName: node
  linkType: hard

"@esbuild/darwin-arm64@npm:0.25.10":
  version: 0.25.10
  resolution: "@esbuild/darwin-arm64@npm:0.25.10"
  conditions: os=darwin & cpu=arm64
  languageName: node
  linkType: hard

"@esbuild/darwin-x64@npm:0.25.10":
  version: 0.25.10
  resolution: "@esbuild/darwin-x64@npm:0.25.10"
  conditions: os=darwin & cpu=x64
  languageName: node
  linkType: hard

"@esbuild/freebsd-arm64@npm:0.25.10":
  version: 0.25.10
  resolution: "@esbuild/freebsd-arm64@npm:0.25.10"
  conditions: os=freebsd & cpu=arm64
  languageName: node
  linkType: hard

"@esbuild/freebsd-x64@npm:0.25.10":
  version: 0.25.10
  resolution: "@esbuild/freebsd-x64@npm:0.25.10"
  conditions: os=freebsd & cpu=x64
  languageName: node
  linkType: hard

"@esbuild/linux-arm64@npm:0.25.10":
  version: 0.25.10
  resolution: "@esbuild/linux-arm64@npm:0.25.10"
  conditions: os=linux & cpu=arm64
  languageName: node
  linkType: hard

"@esbuild/linux-arm@npm:0.25.10":
  version: 0.25.10
  resolution: "@esbuild/linux-arm@npm:0.25.10"
  conditions: os=linux & cpu=arm
  languageName: node
  linkType: hard

"@esbuild/linux-ia32@npm:0.25.10":
  version: 0.25.10
  resolution: "@esbuild/linux-ia32@npm:0.25.10"
  conditions: os=linux & cpu=ia32
  languageName: node
  linkType: hard

"@esbuild/linux-loong64@npm:0.25.10":
  version: 0.25.10
  resolution: "@esbuild/linux-loong64@npm:0.25.10"
  conditions: os=linux & cpu=loong64
  languageName: node
  linkType: hard

"@esbuild/linux-mips64el@npm:0.25.10":
  version: 0.25.10
  resolution: "@esbuild/linux-mips64el@npm:0.25.10"
  conditions: os=linux & cpu=mips64el
  languageName: node
  linkType: hard

"@esbuild/linux-ppc64@npm:0.25.10":
  version: 0.25.10
  resolution: "@esbuild/linux-ppc64@npm:0.25.10"
  conditions: os=linux & cpu=ppc64
  languageName: node
  linkType: hard

"@esbuild/linux-riscv64@npm:0.25.10":
  version: 0.25.10
  resolution: "@esbuild/linux-riscv64@npm:0.25.10"
  conditions: os=linux & cpu=riscv64
  languageName: node
  linkType: hard

"@esbuild/linux-s390x@npm:0.25.10":
  version: 0.25.10
  resolution: "@esbuild/linux-s390x@npm:0.25.10"
  conditions: os=linux & cpu=s390x
  languageName: node
  linkType: hard

"@esbuild/linux-x64@npm:0.25.10":
  version: 0.25.10
  resolution: "@esbuild/linux-x64@npm:0.25.10"
  conditions: os=linux & cpu=x64
  languageName: node
  linkType: hard

"@esbuild/netbsd-arm64@npm:0.25.10":
  version: 0.25.10
  resolution: "@esbuild/netbsd-arm64@npm:0.25.10"
  conditions: os=netbsd & cpu=arm64
  languageName: node
  linkType: hard

"@esbuild/netbsd-x64@npm:0.25.10":
  version: 0.25.10
  resolution: "@esbuild/netbsd-x64@npm:0.25.10"
  conditions: os=netbsd & cpu=x64
  languageName: node
  linkType: hard

"@esbuild/openbsd-arm64@npm:0.25.10":
  version: 0.25.10
  resolution: "@esbuild/openbsd-arm64@npm:0.25.10"
  conditions: os=openbsd & cpu=arm64
  languageName: node
  linkType: hard

"@esbuild/openbsd-x64@npm:0.25.10":
  version: 0.25.10
  resolution: "@esbuild/openbsd-x64@npm:0.25.10"
  conditions: os=openbsd & cpu=x64
  languageName: node
  linkType: hard

"@esbuild/openharmony-arm64@npm:0.25.10":
  version: 0.25.10
  resolution: "@esbuild/openharmony-arm64@npm:0.25.10"
  conditions: os=openharmony & cpu=arm64
  languageName: node
  linkType: hard

"@esbuild/sunos-x64@npm:0.25.10":
  version: 0.25.10
  resolution: "@esbuild/sunos-x64@npm:0.25.10"
  conditions: os=sunos & cpu=x64
  languageName: node
  linkType: hard

"@esbuild/win32-arm64@npm:0.25.10":
  version: 0.25.10
  resolution: "@esbuild/win32-arm64@npm:0.25.10"
  conditions: os=win32 & cpu=arm64
  languageName: node
  linkType: hard

"@esbuild/win32-ia32@npm:0.25.10":
  version: 0.25.10
  resolution: "@esbuild/win32-ia32@npm:0.25.10"
  conditions: os=win32 & cpu=ia32
  languageName: node
  linkType: hard

"@esbuild/win32-x64@npm:0.25.10":
  version: 0.25.10
  resolution: "@esbuild/win32-x64@npm:0.25.10"
  conditions: os=win32 & cpu=x64
  languageName: node
  linkType: hard

"@neos-project/neos-ui-extensibility@npm:~8.3.15":
  version: 8.3.15
  resolution: "@neos-project/neos-ui-extensibility@npm:8.3.15"
  dependencies:
    "@neos-project/positional-array-sorter": "npm:8.3.15"
  checksum: 10c0/262d2d63d79027da43b5e008b8a8e69c173cda89a2891af1e7811b7d1afcac35eafa5bc9426d20a9f1bcf30335f138641dd2d8a40f8a1390b0e99f1e2cab073f
  languageName: node
  linkType: hard

"@neos-project/positional-array-sorter@npm:8.3.15":
  version: 8.3.15
  resolution: "@neos-project/positional-array-sorter@npm:8.3.15"
  checksum: 10c0/174ff7576534c1d260474d57246b63faea21a20ceadf5cb1aba1e049d5457559a88104efe49e4de0978e2534fb8258f3ef164abcc90f2d47c4920a31b08d2086
  languageName: node
  linkType: hard

"@oxlint/darwin-arm64@npm:1.19.0":
  version: 1.19.0
  resolution: "@oxlint/darwin-arm64@npm:1.19.0"
  conditions: os=darwin & cpu=arm64
  languageName: node
  linkType: hard

"@oxlint/darwin-x64@npm:1.19.0":
  version: 1.19.0
  resolution: "@oxlint/darwin-x64@npm:1.19.0"
  conditions: os=darwin & cpu=x64
  languageName: node
  linkType: hard

"@oxlint/linux-arm64-gnu@npm:1.19.0":
  version: 1.19.0
  resolution: "@oxlint/linux-arm64-gnu@npm:1.19.0"
  conditions: os=linux & cpu=arm64 & libc=glibc
  languageName: node
  linkType: hard

"@oxlint/linux-arm64-musl@npm:1.19.0":
  version: 1.19.0
  resolution: "@oxlint/linux-arm64-musl@npm:1.19.0"
  conditions: os=linux & cpu=arm64 & libc=musl
  languageName: node
  linkType: hard

"@oxlint/linux-x64-gnu@npm:1.19.0":
  version: 1.19.0
  resolution: "@oxlint/linux-x64-gnu@npm:1.19.0"
  conditions: os=linux & cpu=x64 & libc=glibc
  languageName: node
  linkType: hard

"@oxlint/linux-x64-musl@npm:1.19.0":
  version: 1.19.0
  resolution: "@oxlint/linux-x64-musl@npm:1.19.0"
  conditions: os=linux & cpu=x64 & libc=musl
  languageName: node
  linkType: hard

"@oxlint/win32-arm64@npm:1.19.0":
  version: 1.19.0
  resolution: "@oxlint/win32-arm64@npm:1.19.0"
  conditions: os=win32 & cpu=arm64
  languageName: node
  linkType: hard

"@oxlint/win32-x64@npm:1.19.0":
  version: 1.19.0
  resolution: "@oxlint/win32-x64@npm:1.19.0"
  conditions: os=win32 & cpu=x64
  languageName: node
  linkType: hard

"@shel/neos-next-node@workspace:.":
  version: 0.0.0-use.local
  resolution: "@shel/neos-next-node@workspace:."
  dependencies:
    "@neos-project/neos-ui-extensibility": "npm:~8.3.15"
    "@types/react": "npm:^19.2.0"
    "@types/react-dom": "npm:^19.2.0"
    "@types/react-redux": "npm:^7.1.34"
    esbuild: "npm:~0.25.10"
    globals: "npm:^16.4.0"
    oxlint: "npm:^1.19.0"
    prettier: "npm:^3.6.2"
    typescript: "npm:^5.9.2"
  languageName: unknown
  linkType: soft

"@types/hoist-non-react-statics@npm:^3.3.0":
  version: 3.3.7
  resolution: "@types/hoist-non-react-statics@npm:3.3.7"
  dependencies:
    hoist-non-react-statics: "npm:^3.3.0"
  peerDependencies:
    "@types/react": "*"
  checksum: 10c0/ed8f4e88338f7d021d0f956adf6089d2a12b2e254a03c05292324f2e986d2376eb9efdb8a4f04596823e8fca88c9d06361d20dab4a2a00dc935fb36ac911de55
  languageName: node
  linkType: hard

"@types/react-dom@npm:^19.2.0":
  version: 19.2.0
  resolution: "@types/react-dom@npm:19.2.0"
  peerDependencies:
    "@types/react": ^19.2.0
  checksum: 10c0/73ba326c8bc53e7bb597aa8e66ce4aabd79e501f744e1386278f0c63f1be6d78cca71a8269af3565206f296675116109a3ccbed4038409614fabf8405e54c6ef
  languageName: node
  linkType: hard

"@types/react-redux@npm:^7.1.34":
  version: 7.1.34
  resolution: "@types/react-redux@npm:7.1.34"
  dependencies:
    "@types/hoist-non-react-statics": "npm:^3.3.0"
    "@types/react": "npm:*"
    hoist-non-react-statics: "npm:^3.3.0"
    redux: "npm:^4.0.0"
  checksum: 10c0/6750964ec656eb6973b0e4fda787549aee5dbc266a0f0e78fc9efb417b4965c0b060d10b99a7b7fa0c8812b8a0a07d97a1ef46d094bf64fee07144e8bbad781a
  languageName: node
  linkType: hard

"@types/react@npm:*, @types/react@npm:^19.2.0":
  version: 19.2.0
  resolution: "@types/react@npm:19.2.0"
  dependencies:
    csstype: "npm:^3.0.2"
  checksum: 10c0/a280e146df2abd3b06eaa2f5332dade9f7ebe916334a40699ee11139c5f22aeb49b5b78b6de8c55b53ef2fa94285e1bc2feaf4fbce6fe259a7de92dc1bf67b17
  languageName: node
  linkType: hard

"csstype@npm:^3.0.2":
  version: 3.1.3
  resolution: "csstype@npm:3.1.3"
  checksum: 10c0/80c089d6f7e0c5b2bd83cf0539ab41474198579584fa10d86d0cafe0642202343cbc119e076a0b1aece191989477081415d66c9fefbf3c957fc2fc4b7009f248
  languageName: node
  linkType: hard

"esbuild@npm:~0.25.10":
  version: 0.25.10
  resolution: "esbuild@npm:0.25.10"
  dependencies:
    "@esbuild/aix-ppc64": "npm:0.25.10"
    "@esbuild/android-arm": "npm:0.25.10"
    "@esbuild/android-arm64": "npm:0.25.10"
    "@esbuild/android-x64": "npm:0.25.10"
    "@esbuild/darwin-arm64": "npm:0.25.10"
    "@esbuild/darwin-x64": "npm:0.25.10"
    "@esbuild/freebsd-arm64": "npm:0.25.10"
    "@esbuild/freebsd-x64": "npm:0.25.10"
    "@esbuild/linux-arm": "npm:0.25.10"
    "@esbuild/linux-arm64": "npm:0.25.10"
    "@esbuild/linux-ia32": "npm:0.25.10"
    "@esbuild/linux-loong64": "npm:0.25.10"
    "@esbuild/linux-mips64el": "npm:0.25.10"
    "@esbuild/linux-ppc64": "npm:0.25.10"
    "@esbuild/linux-riscv64": "npm:0.25.10"
    "@esbuild/linux-s390x": "npm:0.25.10"
    "@esbuild/linux-x64": "npm:0.25.10"
    "@esbuild/netbsd-arm64": "npm:0.25.10"
    "@esbuild/netbsd-x64": "npm:0.25.10"
    "@esbuild/openbsd-arm64": "npm:0.25.10"
    "@esbuild/openbsd-x64": "npm:0.25.10"
    "@esbuild/openharmony-arm64": "npm:0.25.10"
    "@esbuild/sunos-x64": "npm:0.25.10"
    "@esbuild/win32-arm64": "npm:0.25.10"
    "@esbuild/win32-ia32": "npm:0.25.10"
    "@esbuild/win32-x64": "npm:0.25.10"
  dependenciesMeta:
    "@esbuild/aix-ppc64":
      optional: true
    "@esbuild/android-arm":
      optional: true
    "@esbuild/android-arm64":
      optional: true
    "@esbuild/android-x64":
      optional: true
    "@esbuild/darwin-arm64":
      optional: true
    "@esbuild/darwin-x64":
      optional: true
    "@esbuild/freebsd-arm64":
      optional: true
    "@esbuild/freebsd-x64":
      optional: true
    "@esbuild/linux-arm":
      optional: true
    "@esbuild/linux-arm64":
      optional: true
    "@esbuild/linux-ia32":
      optional: true
    "@esbuild/linux-loong64":
      optional: true
    "@esbuild/linux-mips64el":
      optional: true
    "@esbuild/linux-ppc64":
      optional: true
    "@esbuild/linux-riscv64":
      optional: true
    "@esbuild/linux-s390x":
      optional: true
    "@esbuild/linux-x64":
      optional: true
    "@esbuild/netbsd-arm64":
      optional: true
    "@esbuild/netbsd-x64":
      optional: true
    "@esbuild/openbsd-arm64":
      optional: true
    "@esbuild/openbsd-x64":
      optional: true
    "@esbuild/openharmony-arm64":
      optional: true
    "@esbuild/sunos-x64":
      optional: true
    "@esbuild/win32-arm64":
      optional: true
    "@esbuild/win32-ia32":
      optional: true
    "@esbuild/win32-x64":
      optional: true
  bin:
    esbuild: bin/esbuild
  checksum: 10c0/8ee5fdd43ed0d4092ce7f41577c63147f54049d5617763f0549c638bbe939e8adaa8f1a2728adb63417eb11df51956b7b0d8eb88ee08c27ad1d42960256158fa
  languageName: node
  linkType: hard

"globals@npm:^16.4.0":
  version: 16.4.0
  resolution: "globals@npm:16.4.0"
  checksum: 10c0/a14b447a78b664b42f6d324e8675fcae6fe5e57924fecc1f6328dce08af9b2ca3a3138501e1b1f244a49814a732dc60cfc1aa24e714e0b64ac8bd18910bfac90
  languageName: node
  linkType: hard

"hoist-non-react-statics@npm:^3.3.0":
  version: 3.3.2
  resolution: "hoist-non-react-statics@npm:3.3.2"
  dependencies:
    react-is: "npm:^16.7.0"
  checksum: 10c0/fe0889169e845d738b59b64badf5e55fa3cf20454f9203d1eb088df322d49d4318df774828e789898dcb280e8a5521bb59b3203385662ca5e9218a6ca5820e74
  languageName: node
  linkType: hard

"oxlint@npm:^1.19.0":
  version: 1.19.0
  resolution: "oxlint@npm:1.19.0"
  dependencies:
    "@oxlint/darwin-arm64": "npm:1.19.0"
    "@oxlint/darwin-x64": "npm:1.19.0"
    "@oxlint/linux-arm64-gnu": "npm:1.19.0"
    "@oxlint/linux-arm64-musl": "npm:1.19.0"
    "@oxlint/linux-x64-gnu": "npm:1.19.0"
    "@oxlint/linux-x64-musl": "npm:1.19.0"
    "@oxlint/win32-arm64": "npm:1.19.0"
    "@oxlint/win32-x64": "npm:1.19.0"
  peerDependencies:
    oxlint-tsgolint: ">=0.2.0"
  dependenciesMeta:
    "@oxlint/darwin-arm64":
      optional: true
    "@oxlint/darwin-x64":
      optional: true
    "@oxlint/linux-arm64-gnu":
      optional: true
    "@oxlint/linux-arm64-musl":
      optional: true
    "@oxlint/linux-x64-gnu":
      optional: true
    "@oxlint/linux-x64-musl":
      optional: true
    "@oxlint/win32-arm64":
      optional: true
    "@oxlint/win32-x64":
      optional: true
  peerDependenciesMeta:
    oxlint-tsgolint:
      optional: true
  bin:
    oxc_language_server: bin/oxc_language_server
    oxlint: bin/oxlint
  checksum: 10c0/3be4f4826ae182727104cdb8ee57f3dd5944db42227097e0fef2f04d437af73c8b23b71a86c7f2afb888f1bf95a04d96dfe1b2391bdb162c8cc470da25ae9b98
  languageName: node
  linkType: hard

"prettier@npm:^3.6.2":
  version: 3.6.2
  resolution: "prettier@npm:3.6.2"
  bin:
    prettier: bin/prettier.cjs
  checksum: 10c0/488cb2f2b99ec13da1e50074912870217c11edaddedeadc649b1244c749d15ba94e846423d062e2c4c9ae683e2d65f754de28889ba06e697ac4f988d44f45812
  languageName: node
  linkType: hard

"react-is@npm:^16.7.0":
  version: 16.13.1
  resolution: "react-is@npm:16.13.1"
  checksum: 10c0/33977da7a5f1a287936a0c85639fec6ca74f4f15ef1e59a6bc20338fc73dc69555381e211f7a3529b8150a1f71e4225525b41b60b52965bda53ce7d47377ada1
  languageName: node
  linkType: hard

"redux@npm:^4.0.0":
  version: 4.2.1
  resolution: "redux@npm:4.2.1"
  dependencies:
    "@babel/runtime": "npm:^7.9.2"
  checksum: 10c0/136d98b3d5dbed1cd6279c8c18a6a74c416db98b8a432a46836bdd668475de6279a2d4fd9d1363f63904e00f0678a8a3e7fa532c897163340baf1e71bb42c742
  languageName: node
  linkType: hard

"typescript@npm:^5.9.2":
  version: 5.9.2
  resolution: "typescript@npm:5.9.2"
  bin:
    tsc: bin/tsc
    tsserver: bin/tsserver
  checksum: 10c0/cd635d50f02d6cf98ed42de2f76289701c1ec587a363369255f01ed15aaf22be0813226bff3c53e99d971f9b540e0b3cc7583dbe05faded49b1b0bed2f638a18
  languageName: node
  linkType: hard

"typescript@patch:typescript@npm%3A^5.9.2#optional!builtin<compat/typescript>":
  version: 5.9.2
  resolution: "typescript@patch:typescript@npm%3A5.9.2#optional!builtin<compat/typescript>::version=5.9.2&hash=5786d5"
  bin:
    tsc: bin/tsc
    tsserver: bin/tsserver
  checksum: 10c0/34d2a8e23eb8e0d1875072064d5e1d9c102e0bdce56a10a25c0b917b8aa9001a9cf5c225df12497e99da107dc379360bc138163c66b55b95f5b105b50578067e
  languageName: node
  linkType: hard
